
Microsoft Visual Studio Solution File, Format Version 12.00
# Visual Studio Version 16
VisualStudioVersion = 16.0.31205.134
MinimumVisualStudioVersion = 10.0.40219.1
Project("{FAE04EC0-301F-11D3-BF4B-00C04F79EFBC}") = "ReferenceTypes", "ReferenceTypes\ReferenceTypes.csproj", "{6BBC0FC8-DB53-4A54-BCC8-3A5BB7514D9E}"
EndProject
Project("{FAE04EC0-301F-11D3-BF4B-00C04F79EFBC}") = "Constructors", "Constructors\Constructors.csproj", "{509E2D34-A399-4B79-9BBE-B260B82D1C3C}"
EndProject
Project("{FAE04EC0-301F-11D3-BF4B-00C04F79EFBC}") = "Interfaces", "Interfaces\Interfaces.csproj", "{2E7BA8DB-C6FB-4F72-90B7-4089242FFDAD}"
EndProject
Global
	GlobalSection(SolutionConfigurationPlatforms) = preSolution
		Debug|Any CPU = Debug|Any CPU
		Release|Any CPU = Release|Any CPU
	EndGlobalSection
	GlobalSection(ProjectConfigurationPlatforms) = postSolution
		{6BBC0FC8-DB53-4A54-BCC8-3A5BB7514D9E}.Debug|Any CPU.ActiveCfg = Debug|Any CPU
		{6BBC0FC8-DB53-4A54-BCC8-3A5BB7514D9E}.Debug|Any CPU.Build.0 = Debug|Any CPU
		{6BBC0FC8-DB53-4A54-BCC8-3A5BB7514D9E}.Release|Any CPU.ActiveCfg = Release|Any CPU
		{6BBC0FC8-DB53-4A54-BCC8-3A5BB7514D9E}.Release|Any CPU.Build.0 = Release|Any CPU
		{509E2D34-A399-4B79-9BBE-B260B82D1C3C}.Debug|Any CPU.ActiveCfg = Debug|Any CPU
		{509E2D34-A399-4B79-9BBE-B260B82D1C3C}.Debug|Any CPU.Build.0 = Debug|Any CPU
		{509E2D34-A399-4B79-9BBE-B260B82D1C3C}.Release|Any CPU.ActiveCfg = Release|Any CPU
		{509E2D34-A399-4B79-9BBE-B260B82D1C3C}.Release|Any CPU.Build.0 = Release|Any CPU
		{2E7BA8DB-C6FB-4F72-90B7-4089242FFDAD}.Debug|Any CPU.ActiveCfg = Debug|Any CPU
		{2E7BA8DB-C6FB-4F72-90B7-4089242FFDAD}.Debug|Any CPU.Build.0 = Debug|Any CPU
		{2E7BA8DB-C6FB-4F72-90B7-4089242FFDAD}.Release|Any CPU.ActiveCfg = Release|Any CPU
		{2E7BA8DB-C6FB-4F72-90B7-4089242FFDAD}.Release|Any CPU.Build.0 = Release|Any CPU
	EndGlobalSection
	GlobalSection(SolutionProperties) = preSolution
		HideSolutionNode = FALSE
	EndGlobalSection
	GlobalSection(ExtensibilityGlobals) = postSolution
		SolutionGuid = {8A2E1FBC-23AD-4413-B24A-A7216A46B51B}
	EndGlobalSection
EndGlobal
